
Microsoft Visual Studio Solution File, Format Version 12.00
# Visual Studio 15
VisualStudioVersion = 15.0.27130.2027
MinimumVisualStudioVersion = 10.0.40219.1
Project("{FAE04EC0-301F-11D3-BF4B-00C04F79EFBC}") = "El cuento de la buena pipa", "El cuento de la buena pipa.csproj", "{3D65B843-92B2-41B3-BDB5-AD57D816326F}"
EndProject
Global
	GlobalSection(SolutionConfigurationPlatforms) = preSolution
		Debug|Any CPU = Debug|Any CPU
		Release|Any CPU = Release|Any CPU
	EndGlobalSection
	GlobalSection(ProjectConfigurationPlatforms) = postSolution
		{3D65B843-92B2-41B3-BDB5-AD57D816326F}.Debug|Any CPU.ActiveCfg = Debug|Any CPU
		{3D65B843-92B2-41B3-BDB5-AD57D816326F}.Debug|Any CPU.Build.0 = Debug|Any CPU
		{3D65B843-92B2-41B3-BDB5-AD57D816326F}.Release|Any CPU.ActiveCfg = Release|Any CPU
		{3D65B843-92B2-41B3-BDB5-AD57D816326F}.Release|Any CPU.Build.0 = Release|Any CPU
	EndGlobalSection
	GlobalSection(SolutionProperties) = preSolution
		HideSolutionNode = FALSE
	EndGlobalSection
	GlobalSection(ExtensibilityGlobals) = postSolution
		SolutionGuid = {8475FDFC-D157-4720-BB78-2870BB5FB4DD}
	EndGlobalSection
EndGlobal
